{
  "meteor": {},
  "dependencies": {
    "basePackages": {
      "iron-router": {},
      "marked": {},
      "codemirror": {},
      "truncate": {
        "path": "packages/truncate"
      },
      "jquery-jcrop": {},
      "cfs-filesystem": {},
      "collectionFS": {},
      "uikit-2": {}
    },
    "packages": {
      "iron-router": {
        "git": "https://github.com/EventedMind/iron-router.git",
        "tag": "v0.6.4",
        "commit": "927bbaed1b87894fb6fb70807f74ff3a5bd89f29"
      },
      "marked": {
        "git": "https://github.com/chuangbo/meteor-marked.git",
        "tag": "v0.3.1",
        "commit": "3d9a9c94793b20e1ee7c807931cb536010d6f820"
      },
      "codemirror": {
        "git": "https://github.com/digioak/meteor-codemirror.git",
        "tag": "v0.0.2",
        "commit": "39185b6e97c485e7cd65a2ef84190923c050b0d8"
      },
      "truncate": {
        "path": "packages/truncate"
      },
      "jquery-jcrop": {
        "git": "https://github.com/waltyuyu/meteor-jquery-jcrop.git",
        "tag": "v0.0.3",
        "commit": "45a62562f3d13cbc72a7710472a76cf9c3c589cd"
      },
      "cfs-filesystem": {
        "git": "https://github.com/CollectionFS/Meteor-cfs-filesystem.git",
        "tag": "v0.0.7",
        "commit": "420488111b8724099a03dab1c775e00f4ca82fed"
      },
      "collectionFS": {
        "git": "https://github.com/raix/Meteor-CollectionFS.git",
        "tag": "v0.3.7",
        "commit": "34d9fb363472e44c6dba4a1473a9e106e107f5a9"
      },
      "uikit-2": {
        "git": "https://github.com/pwldp/meteor-uikit-2.git",
        "tag": "v1.0.1",
        "commit": "764702f7cba8b85df4dc43b2ffd0ebd36205d410"
      },
      "cfs-storage-adapter": {
        "git": "https://github.com/CollectionFS/Meteor-cfs-storage-adapter.git",
        "branch": "master",
        "commit": "a1b3f89439c240befb741ca7b87295e6f7c5df40"
      },
      "cfs-public-folder": {
        "git": "https://github.com/nooitaf/meteor-cfs-public-folder.git",
        "tag": "v0.0.3",
        "commit": "581c716424b374efb6f611110002621f9cc9212b"
      },
      "cfs-base-package": {
        "git": "https://github.com/CollectionFS/Meteor-cfs-base-package.git",
        "branch": "master",
        "commit": "e5ff66dbcc00a66b26de7ac43dc27a409c3dab65"
      }
    }
  }
}
